
Microsoft Visual Studio Solution File, Format Version 12.00
# Visual Studio 2013
VisualStudioVersion = 12.0.31101.0
MinimumVisualStudioVersion = 10.0.40219.1
Project("{FAE04EC0-301F-11D3-BF4B-00C04F79EFBC}") = "RxTalk.Gui", "RxTalk.Gui\RxTalk.Gui.csproj", "{E9982F00-053C-47D3-9398-1879C05B039F}"
EndProject
Project("{FAE04EC0-301F-11D3-BF4B-00C04F79EFBC}") = "RxTalk.DragDrop", "RxTalk.DragDrop\RxTalk.DragDrop.csproj", "{7934F136-8630-438D-83E9-646A4C595F74}"
EndProject
Project("{FAE04EC0-301F-11D3-BF4B-00C04F79EFBC}") = "RxTalk.HeartBeats", "RxTalk.HeartBeats\RxTalk.HeartBeats.csproj", "{94C8FEBA-5B7A-4796-903C-E6ACC210CA5B}"
EndProject
Global
	GlobalSection(SolutionConfigurationPlatforms) = preSolution
		Debug|Any CPU = Debug|Any CPU
		Release|Any CPU = Release|Any CPU
	EndGlobalSection
	GlobalSection(ProjectConfigurationPlatforms) = postSolution
		{E9982F00-053C-47D3-9398-1879C05B039F}.Debug|Any CPU.ActiveCfg = Debug|Any CPU
		{E9982F00-053C-47D3-9398-1879C05B039F}.Debug|Any CPU.Build.0 = Debug|Any CPU
		{E9982F00-053C-47D3-9398-1879C05B039F}.Release|Any CPU.ActiveCfg = Release|Any CPU
		{E9982F00-053C-47D3-9398-1879C05B039F}.Release|Any CPU.Build.0 = Release|Any CPU
		{7934F136-8630-438D-83E9-646A4C595F74}.Debug|Any CPU.ActiveCfg = Debug|Any CPU
		{7934F136-8630-438D-83E9-646A4C595F74}.Debug|Any CPU.Build.0 = Debug|Any CPU
		{7934F136-8630-438D-83E9-646A4C595F74}.Release|Any CPU.ActiveCfg = Release|Any CPU
		{7934F136-8630-438D-83E9-646A4C595F74}.Release|Any CPU.Build.0 = Release|Any CPU
		{94C8FEBA-5B7A-4796-903C-E6ACC210CA5B}.Debug|Any CPU.ActiveCfg = Debug|Any CPU
		{94C8FEBA-5B7A-4796-903C-E6ACC210CA5B}.Debug|Any CPU.Build.0 = Debug|Any CPU
		{94C8FEBA-5B7A-4796-903C-E6ACC210CA5B}.Release|Any CPU.ActiveCfg = Release|Any CPU
		{94C8FEBA-5B7A-4796-903C-E6ACC210CA5B}.Release|Any CPU.Build.0 = Release|Any CPU
	EndGlobalSection
	GlobalSection(SolutionProperties) = preSolution
		HideSolutionNode = FALSE
	EndGlobalSection
EndGlobal
